
Microsoft Visual Studio Solution File, Format Version 12.00
# Visual Studio Version 16
VisualStudioVersion = 16.0.29519.87
MinimumVisualStudioVersion = 10.0.40219.1
Project("{9A19103F-16F7-4668-BE54-9A1E7A4F7556}") = "VehicleStore", "VehicleStore\VehicleStore.csproj", "{79C95344-A9E1-48C4-A37A-2E0D386A9AFC}"
EndProject
Project("{E53339B2-1760-4266-BCC7-CA923CBCF16C}") = "docker-compose", "VehicleStore\docker-compose.dcproj", "{31260870-E899-4216-A5D7-41E1EB5DD198}"
EndProject
Project("{FAE04EC0-301F-11D3-BF4B-00C04F79EFBC}") = "VehicleStoreTest", "VehicleStoreTest\VehicleStoreTest.csproj", "{D2F90107-6C6E-4BDA-A5EF-B04E6223DD89}"
EndProject
Global
	GlobalSection(SolutionConfigurationPlatforms) = preSolution
		Debug|Any CPU = Debug|Any CPU
		Release|Any CPU = Release|Any CPU
	EndGlobalSection
	GlobalSection(ProjectConfigurationPlatforms) = postSolution
		{79C95344-A9E1-48C4-A37A-2E0D386A9AFC}.Debug|Any CPU.ActiveCfg = Debug|Any CPU
		{79C95344-A9E1-48C4-A37A-2E0D386A9AFC}.Debug|Any CPU.Build.0 = Debug|Any CPU
		{79C95344-A9E1-48C4-A37A-2E0D386A9AFC}.Release|Any CPU.ActiveCfg = Release|Any CPU
		{79C95344-A9E1-48C4-A37A-2E0D386A9AFC}.Release|Any CPU.Build.0 = Release|Any CPU
		{31260870-E899-4216-A5D7-41E1EB5DD198}.Debug|Any CPU.ActiveCfg = Debug|Any CPU
		{31260870-E899-4216-A5D7-41E1EB5DD198}.Debug|Any CPU.Build.0 = Debug|Any CPU
		{31260870-E899-4216-A5D7-41E1EB5DD198}.Release|Any CPU.ActiveCfg = Release|Any CPU
		{31260870-E899-4216-A5D7-41E1EB5DD198}.Release|Any CPU.Build.0 = Release|Any CPU
		{D2F90107-6C6E-4BDA-A5EF-B04E6223DD89}.Debug|Any CPU.ActiveCfg = Debug|Any CPU
		{D2F90107-6C6E-4BDA-A5EF-B04E6223DD89}.Debug|Any CPU.Build.0 = Debug|Any CPU
		{D2F90107-6C6E-4BDA-A5EF-B04E6223DD89}.Release|Any CPU.ActiveCfg = Release|Any CPU
		{D2F90107-6C6E-4BDA-A5EF-B04E6223DD89}.Release|Any CPU.Build.0 = Release|Any CPU
	EndGlobalSection
	GlobalSection(SolutionProperties) = preSolution
		HideSolutionNode = FALSE
	EndGlobalSection
	GlobalSection(ExtensibilityGlobals) = postSolution
		SolutionGuid = {CA30CA02-57C3-46A2-AAC2-6913C21C76B9}
	EndGlobalSection
EndGlobal
